// !$*UTF8*$!
{
	archiveVersion = 1;
	classes = {
	};
	objectVersion = 48;
	objects = {

/* Begin PBXBuildFile section */
		81233F2102B1CA1A9158F1C3 /* Pods_capisce.framework in Frameworks */ = {isa = PBXBuildFile; fileRef = BE6DC66D6E650C4CC5A52108 /* Pods_capisce.framework */; };
		FF2F5F4B1FEC3B470029B6A5 /* UserProfileManage.swift in Sources */ = {isa = PBXBuildFile; fileRef = FF2F5F4A1FEC3B470029B6A5 /* UserProfileManage.swift */; };
		FF2F5F4D1FEC3D120029B6A5 /* GlobalVariable.swift in Sources */ = {isa = PBXBuildFile; fileRef = FF2F5F4C1FEC3D120029B6A5 /* GlobalVariable.swift */; };
		FF2F5F501FEC3E220029B6A5 /* User.swift in Sources */ = {isa = PBXBuildFile; fileRef = FF2F5F4F1FEC3E220029B6A5 /* User.swift */; };
		FF3FA0FF1FE325B800A38CF5 /* Apiservers.swift in Sources */ = {isa = PBXBuildFile; fileRef = FF3FA0FE1FE325B800A38CF5 /* Apiservers.swift */; };
		FF3FA1021FE32A3600A38CF5 /* Date++.swift in Sources */ = {isa = PBXBuildFile; fileRef = FF3FA1011FE32A3600A38CF5 /* Date++.swift */; };
		FF3FA1041FE32AED00A38CF5 /* UserDefaults++.swift in Sources */ = {isa = PBXBuildFile; fileRef = FF3FA1031FE32AED00A38CF5 /* UserDefaults++.swift */; };
		FFE4A4031FE2EF200098C173 /* AppDelegate.swift in Sources */ = {isa = PBXBuildFile; fileRef = FFE4A4021FE2EF200098C173 /* AppDelegate.swift */; };
		FFE4A40A1FE2EF200098C173 /* Assets.xcassets in Resources */ = {isa = PBXBuildFile; fileRef = FFE4A4091FE2EF200098C173 /* Assets.xcassets */; };
		FFE4A40D1FE2EF200098C173 /* LaunchScreen.storyboard in Resources */ = {isa = PBXBuildFile; fileRef = FFE4A40B1FE2EF200098C173 /* LaunchScreen.storyboard */; };
		FFE4A4351FE2F11D0098C173 /* Main.storyboard in Resources */ = {isa = PBXBuildFile; fileRef = FFE4A4341FE2F11D0098C173 /* Main.storyboard */; };
		FFE4A43B1FE2F1660098C173 /* MyTask.storyboard in Resources */ = {isa = PBXBuildFile; fileRef = FFE4A43A1FE2F1660098C173 /* MyTask.storyboard */; };
		FFE4A43D1FE2F17C0098C173 /* MyInfo.storyboard in Resources */ = {isa = PBXBuildFile; fileRef = FFE4A43C1FE2F17C0098C173 /* MyInfo.storyboard */; };
		FFE4A43F1FE2F1920098C173 /* Login.storyboard in Resources */ = {isa = PBXBuildFile; fileRef = FFE4A43E1FE2F1920098C173 /* Login.storyboard */; };
		FFE4A4411FE2F6460098C173 /* MainTabController.swift in Sources */ = {isa = PBXBuildFile; fileRef = FFE4A4401FE2F6460098C173 /* MainTabController.swift */; };
		FFE4A4441FE2F9030098C173 /* LoginController.swift in Sources */ = {isa = PBXBuildFile; fileRef = FFE4A4431FE2F9030098C173 /* LoginController.swift */; };
/* End PBXBuildFile section */

/* Begin PBXContainerItemProxy section */
		FFE4A4141FE2EF200098C173 /* PBXContainerItemProxy */ = {
			isa = PBXContainerItemProxy;
			containerPortal = FFE4A3F71FE2EF1F0098C173 /* Project object */;
			proxyType = 1;
			remoteGlobalIDString = FFE4A3FE1FE2EF200098C173;
			remoteInfo = capisce;
		};
		FFE4A41F1FE2EF200098C173 /* PBXContainerItemProxy */ = {
			isa = PBXContainerItemProxy;
			containerPortal = FFE4A3F71FE2EF1F0098C173 /* Project object */;
			proxyType = 1;
			remoteGlobalIDString = FFE4A3FE1FE2EF200098C173;
			remoteInfo = capisce;
		};
/* End PBXContainerItemProxy section */

/* Begin PBXFileReference section */
		146C42CA4AC05AD9F42D6CAE /* Pods-capisce.debug.xcconfig */ = {isa = PBXFileReference; includeInIndex = 1; lastKnownFileType = text.xcconfig; name = "Pods-capisce.debug.xcconfig"; path = "Pods/Target Support Files/Pods-capisce/Pods-capisce.debug.xcconfig"; sourceTree = "<group>"; };
		499D9E16641010610C496F5D /* Pods-capisce.release.xcconfig */ = {isa = PBXFileReference; includeInIndex = 1; lastKnownFileType = text.xcconfig; name = "Pods-capisce.release.xcconfig"; path = "Pods/Target Support Files/Pods-capisce/Pods-capisce.release.xcconfig"; sourceTree = "<group>"; };
		BE6DC66D6E650C4CC5A52108 /* Pods_capisce.framework */ = {isa = PBXFileReference; explicitFileType = wrapper.framework; includeInIndex = 0; path = Pods_capisce.framework; sourceTree = BUILT_PRODUCTS_DIR; };
		FF2F5F4A1FEC3B470029B6A5 /* UserProfileManage.swift */ = {isa = PBXFileReference; lastKnownFileType = sourcecode.swift; path = UserProfileManage.swift; sourceTree = "<group>"; };
		FF2F5F4C1FEC3D120029B6A5 /* GlobalVariable.swift */ = {isa = PBXFileReference; lastKnownFileType = sourcecode.swift; path = GlobalVariable.swift; sourceTree = "<group>"; };
		FF2F5F4F1FEC3E220029B6A5 /* User.swift */ = {isa = PBXFileReference; lastKnownFileType = sourcecode.swift; path = User.swift; sourceTree = "<group>"; };
		FF3FA0FE1FE325B800A38CF5 /* Apiservers.swift */ = {isa = PBXFileReference; lastKnownFileType = sourcecode.swift; path = Apiservers.swift; sourceTree = "<group>"; };
		FF3FA1011FE32A3600A38CF5 /* Date++.swift */ = {isa = PBXFileReference; lastKnownFileType = sourcecode.swift; path = "Date++.swift"; sourceTree = "<group>"; };
		FF3FA1031FE32AED00A38CF5 /* UserDefaults++.swift */ = {isa = PBXFileReference; lastKnownFileType = sourcecode.swift; path = "UserDefaults++.swift"; sourceTree = "<group>"; };
		FFE4A3FF1FE2EF200098C173 /* capisce.app */ = {isa = PBXFileReference; explicitFileType = wrapper.application; includeInIndex = 0; path = capisce.app; sourceTree = BUILT_PRODUCTS_DIR; };
		FFE4A4021FE2EF200098C173 /* AppDelegate.swift */ = {isa = PBXFileReference; lastKnownFileType = sourcecode.swift; path = AppDelegate.swift; sourceTree = "<group>"; };
		FFE4A4091FE2EF200098C173 /* Assets.xcassets */ = {isa = PBXFileReference; lastKnownFileType = folder.assetcatalog; path = Assets.xcassets; sourceTree = "<group>"; };
		FFE4A40C1FE2EF200098C173 /* Base */ = {isa = PBXFileReference; lastKnownFileType = file.storyboard; name = Base; path = Base.lproj/LaunchScreen.storyboard; sourceTree = "<group>"; };
		FFE4A40E1FE2EF200098C173 /* Info.plist */ = {isa = PBXFileReference; lastKnownFileType = text.plist.xml; path = Info.plist; sourceTree = "<group>"; };
		FFE4A4131FE2EF200098C173 /* capisceTests.xctest */ = {isa = PBXFileReference; explicitFileType = wrapper.cfbundle; includeInIndex = 0; path = capisceTests.xctest; sourceTree = BUILT_PRODUCTS_DIR; };
		FFE4A41E1FE2EF200098C173 /* capisceUITests.xctest */ = {isa = PBXFileReference; explicitFileType = wrapper.cfbundle; includeInIndex = 0; path = capisceUITests.xctest; sourceTree = BUILT_PRODUCTS_DIR; };
		FFE4A4341FE2F11D0098C173 /* Main.storyboard */ = {isa = PBXFileReference; lastKnownFileType = file.storyboard; path = Main.storyboard; sourceTree = "<group>"; };
		FFE4A43A1FE2F1660098C173 /* MyTask.storyboard */ = {isa = PBXFileReference; lastKnownFileType = file.storyboard; path = MyTask.storyboard; sourceTree = "<group>"; };
		FFE4A43C1FE2F17C0098C173 /* MyInfo.storyboard */ = {isa = PBXFileReference; lastKnownFileType = file.storyboard; path = MyInfo.storyboard; sourceTree = "<group>"; };
		FFE4A43E1FE2F1920098C173 /* Login.storyboard */ = {isa = PBXFileReference; lastKnownFileType = file.storyboard; path = Login.storyboard; sourceTree = "<group>"; };
		FFE4A4401FE2F6460098C173 /* MainTabController.swift */ = {isa = PBXFileReference; lastKnownFileType = sourcecode.swift; path = MainTabController.swift; sourceTree = "<group>"; };
		FFE4A4431FE2F9030098C173 /* LoginController.swift */ = {isa = PBXFileReference; lastKnownFileType = sourcecode.swift; path = LoginController.swift; sourceTree = "<group>"; };
/* End PBXFileReference section */

/* Begin PBXFrameworksBuildPhase section */
		FFE4A3FC1FE2EF200098C173 /* Frameworks */ = {
			isa = PBXFrameworksBuildPhase;
			buildActionMask = 2147483647;
			files = (
				81233F2102B1CA1A9158F1C3 /* Pods_capisce.framework in Frameworks */,
			);
			runOnlyForDeploymentPostprocessing = 0;
		};
		FFE4A4101FE2EF200098C173 /* Frameworks */ = {
			isa = PBXFrameworksBuildPhase;
			buildActionMask = 2147483647;
			files = (
			);
			runOnlyForDeploymentPostprocessing = 0;
		};
		FFE4A41B1FE2EF200098C173 /* Frameworks */ = {
			isa = PBXFrameworksBuildPhase;
			buildActionMask = 2147483647;
			files = (
			);
			runOnlyForDeploymentPostprocessing = 0;
		};
/* End PBXFrameworksBuildPhase section */

/* Begin PBXGroup section */
		0C493A457AE8D76B300C6E82 /* Frameworks */ = {
			isa = PBXGroup;
			children = (
				BE6DC66D6E650C4CC5A52108 /* Pods_capisce.framework */,
			);
			name = Frameworks;
			sourceTree = "<group>";
		};
		CEC3C66647531D1C57113329 /* Pods */ = {
			isa = PBXGroup;
			children = (
				146C42CA4AC05AD9F42D6CAE /* Pods-capisce.debug.xcconfig */,
				499D9E16641010610C496F5D /* Pods-capisce.release.xcconfig */,
			);
			name = Pods;
			sourceTree = "<group>";
		};
		FF2F5F491FEC3B0C0029B6A5 /* UserRelate */ = {
			isa = PBXGroup;
			children = (
				FF2F5F4A1FEC3B470029B6A5 /* UserProfileManage.swift */,
			);
			path = UserRelate;
			sourceTree = "<group>";
		};
		FF2F5F4E1FEC3E0B0029B6A5 /* Model */ = {
			isa = PBXGroup;
			children = (
				FF2F5F4F1FEC3E220029B6A5 /* User.swift */,
			);
			path = Model;
			sourceTree = "<group>";
		};
		FF3FA0FD1FE3258600A38CF5 /* Manager */ = {
			isa = PBXGroup;
			children = (
				FF2F5F491FEC3B0C0029B6A5 /* UserRelate */,
				FF3FA0FE1FE325B800A38CF5 /* Apiservers.swift */,
			);
			path = Manager;
			sourceTree = "<group>";
		};
		FF3FA1001FE329CD00A38CF5 /* Extension */ = {
			isa = PBXGroup;
			children = (
				FF3FA1011FE32A3600A38CF5 /* Date++.swift */,
				FF3FA1031FE32AED00A38CF5 /* UserDefaults++.swift */,
				FF2F5F4C1FEC3D120029B6A5 /* GlobalVariable.swift */,
			);
			path = Extension;
			sourceTree = "<group>";
		};
		FFE4A3F61FE2EF1F0098C173 = {
			isa = PBXGroup;
			children = (
				FFE4A4011FE2EF200098C173 /* capisce */,
				FFE4A4001FE2EF200098C173 /* Products */,
				CEC3C66647531D1C57113329 /* Pods */,
				0C493A457AE8D76B300C6E82 /* Frameworks */,
			);
			sourceTree = "<group>";
		};
		FFE4A4001FE2EF200098C173 /* Products */ = {
			isa = PBXGroup;
			children = (
				FFE4A3FF1FE2EF200098C173 /* capisce.app */,
				FFE4A4131FE2EF200098C173 /* capisceTests.xctest */,
				FFE4A41E1FE2EF200098C173 /* capisceUITests.xctest */,
			);
			name = Products;
			sourceTree = "<group>";
		};
		FFE4A4011FE2EF200098C173 /* capisce */ = {
			isa = PBXGroup;
			children = (
				FF2F5F4E1FEC3E0B0029B6A5 /* Model */,
				FF3FA1001FE329CD00A38CF5 /* Extension */,
				FF3FA0FD1FE3258600A38CF5 /* Manager */,
				FFE4A4321FE2F07C0098C173 /* StoryBoard */,
				FFE4A4301FE2F0680098C173 /* Controller */,
				FFE4A4021FE2EF200098C173 /* AppDelegate.swift */,
				FFE4A4091FE2EF200098C173 /* Assets.xcassets */,
				FFE4A40B1FE2EF200098C173 /* LaunchScreen.storyboard */,
				FFE4A40E1FE2EF200098C173 /* Info.plist */,
			);
			path = capisce;
			sourceTree = "<group>";
		};
		FFE4A4301FE2F0680098C173 /* Controller */ = {
			isa = PBXGroup;
			children = (
				FFE4A4421FE2F8E60098C173 /* Login */,
				FFE4A4401FE2F6460098C173 /* MainTabController.swift */,
			);
			path = Controller;
			sourceTree = "<group>";
		};
		FFE4A4321FE2F07C0098C173 /* StoryBoard */ = {
			isa = PBXGroup;
			children = (
				FFE4A4391FE2F14F0098C173 /* Login */,
				FFE4A4381FE2F1450098C173 /* MyInfo */,
				FFE4A4371FE2F1350098C173 /* MyTask */,
				FFE4A4361FE2F1240098C173 /* Main */,
			);
			path = StoryBoard;
			sourceTree = "<group>";
		};
		FFE4A4361FE2F1240098C173 /* Main */ = {
			isa = PBXGroup;
			children = (
				FFE4A4341FE2F11D0098C173 /* Main.storyboard */,
			);
			path = Main;
			sourceTree = "<group>";
		};
		FFE4A4371FE2F1350098C173 /* MyTask */ = {
			isa = PBXGroup;
			children = (
				FFE4A43A1FE2F1660098C173 /* MyTask.storyboard */,
			);
			path = MyTask;
			sourceTree = "<group>";
		};
		FFE4A4381FE2F1450098C173 /* MyInfo */ = {
			isa = PBXGroup;
			children = (
				FFE4A43C1FE2F17C0098C173 /* MyInfo.storyboard */,
			);
			path = MyInfo;
			sourceTree = "<group>";
		};
		FFE4A4391FE2F14F0098C173 /* Login */ = {
			isa = PBXGroup;
			children = (
				FFE4A43E1FE2F1920098C173 /* Login.storyboard */,
			);
			path = Login;
			sourceTree = "<group>";
		};
		FFE4A4421FE2F8E60098C173 /* Login */ = {
			isa = PBXGroup;
			children = (
				FFE4A4431FE2F9030098C173 /* LoginController.swift */,
			);
			path = Login;
			sourceTree = "<group>";
		};
/* End PBXGroup section */

/* Begin PBXNativeTarget section */
		FFE4A3FE1FE2EF200098C173 /* capisce */ = {
			isa = PBXNativeTarget;
			buildConfigurationList = FFE4A4271FE2EF200098C173 /* Build configuration list for PBXNativeTarget "capisce" */;
			buildPhases = (
				D45B45924C358D3D394A2B06 /* [CP] Check Pods Manifest.lock */,
				FFE4A3FB1FE2EF200098C173 /* Sources */,
				FFE4A3FC1FE2EF200098C173 /* Frameworks */,
				FFE4A3FD1FE2EF200098C173 /* Resources */,
				8BD7C9609B41CAB469F7FCD0 /* [CP] Embed Pods Frameworks */,
				C83FEBF08A90556660F70320 /* [CP] Copy Pods Resources */,
			);
			buildRules = (
			);
			dependencies = (
			);
			name = capisce;
			productName = capisce;
			productReference = FFE4A3FF1FE2EF200098C173 /* capisce.app */;
			productType = "com.apple.product-type.application";
		};
		FFE4A4121FE2EF200098C173 /* capisceTests */ = {
			isa = PBXNativeTarget;
			buildConfigurationList = FFE4A42A1FE2EF200098C173 /* Build configuration list for PBXNativeTarget "capisceTests" */;
			buildPhases = (
				FFE4A40F1FE2EF200098C173 /* Sources */,
				FFE4A4101FE2EF200098C173 /* Frameworks */,
				FFE4A4111FE2EF200098C173 /* Resources */,
			);
			buildRules = (
			);
			dependencies = (
				FFE4A4151FE2EF200098C173 /* PBXTargetDependency */,
			);
			name = capisceTests;
			productName = capisceTests;
			productReference = FFE4A4131FE2EF200098C173 /* capisceTests.xctest */;
			productType = "com.apple.product-type.bundle.unit-test";
		};
		FFE4A41D1FE2EF200098C173 /* capisceUITests */ = {
			isa = PBXNativeTarget;
			buildConfigurationList = FFE4A42D1FE2EF200098C173 /* Build configuration list for PBXNativeTarget "capisceUITests" */;
			buildPhases = (
				FFE4A41A1FE2EF200098C173 /* Sources */,
				FFE4A41B1FE2EF200098C173 /* Frameworks */,
				FFE4A41C1FE2EF200098C173 /* Resources */,
			);
			buildRules = (
			);
			dependencies = (
				FFE4A4201FE2EF200098C173 /* PBXTargetDependency */,
			);
			name = capisceUITests;
			productName = capisceUITests;
			productReference = FFE4A41E1FE2EF200098C173 /* capisceUITests.xctest */;
			productType = "com.apple.product-type.bundle.ui-testing";
		};
/* End PBXNativeTarget section */

/* Begin PBXProject section */
		FFE4A3F71FE2EF1F0098C173 /* Project object */ = {
			isa = PBXProject;
			attributes = {
				LastSwiftUpdateCheck = 0910;
				LastUpgradeCheck = 0910;
				ORGANIZATIONNAME = capisce;
				TargetAttributes = {
					FFE4A3FE1FE2EF200098C173 = {
						CreatedOnToolsVersion = 9.1;
						ProvisioningStyle = Automatic;
					};
					FFE4A4121FE2EF200098C173 = {
						CreatedOnToolsVersion = 9.1;
						ProvisioningStyle = Automatic;
						TestTargetID = FFE4A3FE1FE2EF200098C173;
					};
					FFE4A41D1FE2EF200098C173 = {
						CreatedOnToolsVersion = 9.1;
						ProvisioningStyle = Automatic;
						TestTargetID = FFE4A3FE1FE2EF200098C173;
					};
				};
			};
			buildConfigurationList = FFE4A3FA1FE2EF1F0098C173 /* Build configuration list for PBXProject "capisce" */;
			compatibilityVersion = "Xcode 8.0";
			developmentRegion = en;
			hasScannedForEncodings = 0;
			knownRegions = (
				en,
				Base,
			);
			mainGroup = FFE4A3F61FE2EF1F0098C173;
			productRefGroup = FFE4A4001FE2EF200098C173 /* Products */;
			projectDirPath = "";
			projectRoot = "";
			targets = (
				FFE4A3FE1FE2EF200098C173 /* capisce */,
				FFE4A4121FE2EF200098C173 /* capisceTests */,
				FFE4A41D1FE2EF200098C173 /* capisceUITests */,
			);
		};
/* End PBXProject section */

/* Begin PBXResourcesBuildPhase section */
		FFE4A3FD1FE2EF200098C173 /* Resources */ = {
			isa = PBXResourcesBuildPhase;
			buildActionMask = 2147483647;
			files = (
				FFE4A4351FE2F11D0098C173 /* Main.storyboard in Resources */,
				FFE4A43B1FE2F1660098C173 /* MyTask.storyboard in Resources */,
				FFE4A43F1FE2F1920098C173 /* Login.storyboard in Resources */,
				FFE4A40D1FE2EF200098C173 /* LaunchScreen.storyboard in Resources */,
				FFE4A43D1FE2F17C0098C173 /* MyInfo.storyboard in Resources */,
				FFE4A40A1FE2EF200098C173 /* Assets.xcassets in Resources */,
			);
			runOnlyForDeploymentPostprocessing = 0;
		};
		FFE4A4111FE2EF200098C173 /* Resources */ = {
			isa = PBXResourcesBuildPhase;
			buildActionMask = 2147483647;
			files = (
			);
			runOnlyForDeploymentPostprocessing = 0;
		};
		FFE4A41C1FE2EF200098C173 /* Resources */ = {
			isa = PBXResourcesBuildPhase;
			buildActionMask = 2147483647;
			files = (
			);
			runOnlyForDeploymentPostprocessing = 0;
		};
/* End PBXResourcesBuildPhase section */

/* Begin PBXShellScriptBuildPhase section */
		8BD7C9609B41CAB469F7FCD0 /* [CP] Embed Pods Frameworks */ = {
			isa = PBXShellScriptBuildPhase;
			buildActionMask = 2147483647;
			files = (
			);
			inputPaths = (
			);
			name = "[CP] Embed Pods Frameworks";
			outputPaths = (
			);
			runOnlyForDeploymentPostprocessing = 0;
			shellPath = /bin/sh;
			shellScript = "\"${SRCROOT}/Pods/Target Support Files/Pods-capisce/Pods-capisce-frameworks.sh\"\n";
			showEnvVarsInLog = 0;
		};
		C83FEBF08A90556660F70320 /* [CP] Copy Pods Resources */ = {
			isa = PBXShellScriptBuildPhase;
			buildActionMask = 2147483647;
			files = (
			);
			inputPaths = (
			);
			name = "[CP] Copy Pods Resources";
			outputPaths = (
			);
			runOnlyForDeploymentPostprocessing = 0;
			shellPath = /bin/sh;
			shellScript = "\"${SRCROOT}/Pods/Target Support Files/Pods-capisce/Pods-capisce-resources.sh\"\n";
			showEnvVarsInLog = 0;
		};
		D45B45924C358D3D394A2B06 /* [CP] Check Pods Manifest.lock */ = {
			isa = PBXShellScriptBuildPhase;
			buildActionMask = 2147483647;
			files = (
			);
			inputPaths = (
			);
			name = "[CP] Check Pods Manifest.lock";
			outputPaths = (
			);
			runOnlyForDeploymentPostprocessing = 0;
			shellPath = /bin/sh;
			shellScript = "diff \"${PODS_ROOT}/../Podfile.lock\" \"${PODS_ROOT}/Manifest.lock\" > /dev/null\nif [ $? != 0 ] ; then\n    # print error to STDERR\n    echo \"error: The sandbox is not in sync with the Podfile.lock. Run 'pod install' or update your CocoaPods installation.\" >&2\n    exit 1\nfi\n";
			showEnvVarsInLog = 0;
		};
/* End PBXShellScriptBuildPhase section */

/* Begin PBXSourcesBuildPhase section */
		FFE4A3FB1FE2EF200098C173 /* Sources */ = {
			isa = PBXSourcesBuildPhase;
			buildActionMask = 2147483647;
			files = (
				FFE4A4411FE2F6460098C173 /* MainTabController.swift in Sources */,
				FFE4A4441FE2F9030098C173 /* LoginController.swift in Sources */,
				FF3FA1041FE32AED00A38CF5 /* UserDefaults++.swift in Sources */,
				FF2F5F4B1FEC3B470029B6A5 /* UserProfileManage.swift in Sources */,
				FF3FA1021FE32A3600A38CF5 /* Date++.swift in Sources */,
				FF2F5F501FEC3E220029B6A5 /* User.swift in Sources */,
				FFE4A4031FE2EF200098C173 /* AppDelegate.swift in Sources */,
				FF2F5F4D1FEC3D120029B6A5 /* GlobalVariable.swift in Sources */,
				FF3FA0FF1FE325B800A38CF5 /* Apiservers.swift in Sources */,
			);
			runOnlyForDeploymentPostprocessing = 0;
		};
		FFE4A40F1FE2EF200098C173 /* Sources */ = {
			isa = PBXSourcesBuildPhase;
			buildActionMask = 2147483647;
			files = (
			);
			runOnlyForDeploymentPostprocessing = 0;
		};
		FFE4A41A1FE2EF200098C173 /* Sources */ = {
			isa = PBXSourcesBuildPhase;
			buildActionMask = 2147483647;
			files = (
			);
			runOnlyForDeploymentPostprocessing = 0;
		};
/* End PBXSourcesBuildPhase section */

/* Begin PBXTargetDependency section */
		FFE4A4151FE2EF200098C173 /* PBXTargetDependency */ = {
			isa = PBXTargetDependency;
			target = FFE4A3FE1FE2EF200098C173 /* capisce */;
			targetProxy = FFE4A4141FE2EF200098C173 /* PBXContainerItemProxy */;
		};
		FFE4A4201FE2EF200098C173 /* PBXTargetDependency */ = {
			isa = PBXTargetDependency;
			target = FFE4A3FE1FE2EF200098C173 /* capisce */;
			targetProxy = FFE4A41F1FE2EF200098C173 /* PBXContainerItemProxy */;
		};
/* End PBXTargetDependency section */

/* Begin PBXVariantGroup section */
		FFE4A40B1FE2EF200098C173 /* LaunchScreen.storyboard */ = {
			isa = PBXVariantGroup;
			children = (
				FFE4A40C1FE2EF200098C173 /* Base */,
			);
			name = LaunchScreen.storyboard;
			sourceTree = "<group>";
		};
/* End PBXVariantGroup section */

/* Begin XCBuildConfiguration section */
		FFE4A4251FE2EF200098C173 /* Debug */ = {
			isa = XCBuildConfiguration;
			buildSettings = {
				ALWAYS_SEARCH_USER_PATHS = NO;
				CLANG_ANALYZER_NONNULL = YES;
				CLANG_ANALYZER_NUMBER_OBJECT_CONVERSION = YES_AGGRESSIVE;
				CLANG_CXX_LANGUAGE_STANDARD = "gnu++14";
				CLANG_CXX_LIBRARY = "libc++";
				CLANG_ENABLE_MODULES = YES;
				CLANG_ENABLE_OBJC_ARC = YES;
				CLANG_WARN_BLOCK_CAPTURE_AUTORELEASING = YES;
				CLANG_WARN_BOOL_CONVERSION = YES;
				CLANG_WARN_COMMA = YES;
				CLANG_WARN_CONSTANT_CONVERSION = YES;
				CLANG_WARN_DIRECT_OBJC_ISA_USAGE = YES_ERROR;
				CLANG_WARN_DOCUMENTATION_COMMENTS = YES;
				CLANG_WARN_EMPTY_BODY = YES;
				CLANG_WARN_ENUM_CONVERSION = YES;
				CLANG_WARN_INFINITE_RECURSION = YES;
				CLANG_WARN_INT_CONVERSION = YES;
				CLANG_WARN_NON_LITERAL_NULL_CONVERSION = YES;
				CLANG_WARN_OBJC_LITERAL_CONVERSION = YES;
				CLANG_WARN_OBJC_ROOT_CLASS = YES_ERROR;
				CLANG_WARN_RANGE_LOOP_ANALYSIS = YES;
				CLANG_WARN_STRICT_PROTOTYPES = YES;
				CLANG_WARN_SUSPICIOUS_MOVE = YES;
				CLANG_WARN_UNGUARDED_AVAILABILITY = YES_AGGRESSIVE;
				CLANG_WARN_UNREACHABLE_CODE = YES;
				CLANG_WARN__DUPLICATE_METHOD_MATCH = YES;
				CODE_SIGN_IDENTITY = "iPhone Developer";
				COPY_PHASE_STRIP = NO;
				DEBUG_INFORMATION_FORMAT = dwarf;
				ENABLE_STRICT_OBJC_MSGSEND = YES;
				ENABLE_TESTABILITY = YES;
				GCC_C_LANGUAGE_STANDARD = gnu11;
				GCC_DYNAMIC_NO_PIC = NO;
				GCC_NO_COMMON_BLOCKS = YES;
				GCC_OPTIMIZATION_LEVEL = 0;
				GCC_PREPROCESSOR_DEFINITIONS = (
					"DEBUG=1",
					"$(inherited)",
				);
				GCC_WARN_64_TO_32_BIT_CONVERSION = YES;
				GCC_WARN_ABOUT_RETURN_TYPE = YES_ERROR;
				GCC_WARN_UNDECLARED_SELECTOR = YES;
				GCC_WARN_UNINITIALIZED_AUTOS = YES_AGGRESSIVE;
				GCC_WARN_UNUSED_FUNCTION = YES;
				GCC_WARN_UNUSED_VARIABLE = YES;
				IPHONEOS_DEPLOYMENT_TARGET = 11.1;
				MTL_ENABLE_DEBUG_INFO = YES;
				ONLY_ACTIVE_ARCH = YES;
				SDKROOT = iphoneos;
				SWIFT_ACTIVE_COMPILATION_CONDITIONS = DEBUG;
				SWIFT_OPTIMIZATION_LEVEL = "-Onone";
			};
			name = Debug;
		};
		FFE4A4261FE2EF200098C173 /* Release */ = {
			isa = XCBuildConfiguration;
			buildSettings = {
				ALWAYS_SEARCH_USER_PATHS = NO;
				CLANG_ANALYZER_NONNULL = YES;
				CLANG_ANALYZER_NUMBER_OBJECT_CONVERSION = YES_AGGRESSIVE;
				CLANG_CXX_LANGUAGE_STANDARD = "gnu++14";
				CLANG_CXX_LIBRARY = "libc++";
				CLANG_ENABLE_MODULES = YES;
				CLANG_ENABLE_OBJC_ARC = YES;
				CLANG_WARN_BLOCK_CAPTURE_AUTORELEASING = YES;
				CLANG_WARN_BOOL_CONVERSION = YES;
				CLANG_WARN_COMMA = YES;
				CLANG_WARN_CONSTANT_CONVERSION = YES;
				CLANG_WARN_DIRECT_OBJC_ISA_USAGE = YES_ERROR;
				CLANG_WARN_DOCUMENTATION_COMMENTS = YES;
				CLANG_WARN_EMPTY_BODY = YES;
				CLANG_WARN_ENUM_CONVERSION = YES;
				CLANG_WARN_INFINITE_RECURSION = YES;
				CLANG_WARN_INT_CONVERSION = YES;
				CLANG_WARN_NON_LITERAL_NULL_CONVERSION = YES;
				CLANG_WARN_OBJC_LITERAL_CONVERSION = YES;
				CLANG_WARN_OBJC_ROOT_CLASS = YES_ERROR;
				CLANG_WARN_RANGE_LOOP_ANALYSIS = YES;
				CLANG_WARN_STRICT_PROTOTYPES = YES;
				CLANG_WARN_SUSPICIOUS_MOVE = YES;
				CLANG_WARN_UNGUARDED_AVAILABILITY = YES_AGGRESSIVE;
				CLANG_WARN_UNREACHABLE_CODE = YES;
				CLANG_WARN__DUPLICATE_METHOD_MATCH = YES;
				CODE_SIGN_IDENTITY = "iPhone Developer";
				COPY_PHASE_STRIP = NO;
				DEBUG_INFORMATION_FORMAT = "dwarf-with-dsym";
				ENABLE_NS_ASSERTIONS = NO;
				ENABLE_STRICT_OBJC_MSGSEND = YES;
				GCC_C_LANGUAGE_STANDARD = gnu11;
				GCC_NO_COMMON_BLOCKS = YES;
				GCC_WARN_64_TO_32_BIT_CONVERSION = YES;
				GCC_WARN_ABOUT_RETURN_TYPE = YES_ERROR;
				GCC_WARN_UNDECLARED_SELECTOR = YES;
				GCC_WARN_UNINITIALIZED_AUTOS = YES_AGGRESSIVE;
				GCC_WARN_UNUSED_FUNCTION = YES;
				GCC_WARN_UNUSED_VARIABLE = YES;
				IPHONEOS_DEPLOYMENT_TARGET = 11.1;
				MTL_ENABLE_DEBUG_INFO = NO;
				SDKROOT = iphoneos;
				SWIFT_OPTIMIZATION_LEVEL = "-Owholemodule";
				VALIDATE_PRODUCT = YES;
			};
			name = Release;
		};
		FFE4A4281FE2EF200098C173 /* Debug */ = {
			isa = XCBuildConfiguration;
			baseConfigurationReference = 146C42CA4AC05AD9F42D6CAE /* Pods-capisce.debug.xcconfig */;
			buildSettings = {
				ASSETCATALOG_COMPILER_APPICON_NAME = AppIcon;
				CODE_SIGN_STYLE = Automatic;
				INFOPLIST_FILE = capisce/Info.plist;
				LD_RUNPATH_SEARCH_PATHS = "$(inherited) @executable_path/Frameworks";
				PRODUCT_BUNDLE_IDENTIFIER = zxb.capisce;
				PRODUCT_NAME = "$(TARGET_NAME)";
				SWIFT_VERSION = 4.0;
				TARGETED_DEVICE_FAMILY = "1,2";
			};
			name = Debug;
		};
		FFE4A4291FE2EF200098C173 /* Release */ = {
			isa = XCBuildConfiguration;
			baseConfigurationReference = 499D9E16641010610C496F5D /* Pods-capisce.release.xcconfig */;
			buildSettings = {
				ASSETCATALOG_COMPILER_APPICON_NAME = AppIcon;
				CODE_SIGN_STYLE = Automatic;
				INFOPLIST_FILE = capisce/Info.plist;
				LD_RUNPATH_SEARCH_PATHS = "$(inherited) @executable_path/Frameworks";
				PRODUCT_BUNDLE_IDENTIFIER = zxb.capisce;
				PRODUCT_NAME = "$(TARGET_NAME)";
				SWIFT_VERSION = 4.0;
				TARGETED_DEVICE_FAMILY = "1,2";
			};
			name = Release;
		};
		FFE4A42B1FE2EF200098C173 /* Debug */ = {
			isa = XCBuildConfiguration;
			buildSettings = {
				ALWAYS_EMBED_SWIFT_STANDARD_LIBRARIES = YES;
				BUNDLE_LOADER = "$(TEST_HOST)";
				CODE_SIGN_STYLE = Automatic;
				INFOPLIST_FILE = capisceTests/Info.plist;
				LD_RUNPATH_SEARCH_PATHS = "$(inherited) @executable_path/Frameworks @loader_path/Frameworks";
				PRODUCT_BUNDLE_IDENTIFIER = zxb.capisceTests;
				PRODUCT_NAME = "$(TARGET_NAME)";
				SWIFT_VERSION = 4.0;
				TARGETED_DEVICE_FAMILY = "1,2";
				TEST_HOST = "$(BUILT_PRODUCTS_DIR)/capisce.app/capisce";
			};
			name = Debug;
		};
		FFE4A42C1FE2EF200098C173 /* Release */ = {
			isa = XCBuildConfiguration;
			buildSettings = {
				ALWAYS_EMBED_SWIFT_STANDARD_LIBRARIES = YES;
				BUNDLE_LOADER = "$(TEST_HOST)";
				CODE_SIGN_STYLE = Automatic;
				INFOPLIST_FILE = capisceTests/Info.plist;
				LD_RUNPATH_SEARCH_PATHS = "$(inherited) @executable_path/Frameworks @loader_path/Frameworks";
				PRODUCT_BUNDLE_IDENTIFIER = zxb.capisceTests;
				PRODUCT_NAME = "$(TARGET_NAME)";
				SWIFT_VERSION = 4.0;
				TARGETED_DEVICE_FAMILY = "1,2";
				TEST_HOST = "$(BUILT_PRODUCTS_DIR)/capisce.app/capisce";
			};
			name = Release;
		};
		FFE4A42E1FE2EF200098C173 /* Debug */ = {
			isa = XCBuildConfiguration;
			buildSettings = {
				ALWAYS_EMBED_SWIFT_STANDARD_LIBRARIES = YES;
				CODE_SIGN_STYLE = Automatic;
				INFOPLIST_FILE = capisceUITests/Info.plist;
				LD_RUNPATH_SEARCH_PATHS = "$(inherited) @executable_path/Frameworks @loader_path/Frameworks";
				PRODUCT_BUNDLE_IDENTIFIER = zxb.capisceUITests;
				PRODUCT_NAME = "$(TARGET_NAME)";
				SWIFT_VERSION = 4.0;
				TARGETED_DEVICE_FAMILY = "1,2";
				TEST_TARGET_NAME = capisce;
			};
			name = Debug;
		};
		FFE4A42F1FE2EF200098C173 /* Release */ = {
			isa = XCBuildConfiguration;
			buildSettings = {
				ALWAYS_EMBED_SWIFT_STANDARD_LIBRARIES = YES;
				CODE_SIGN_STYLE = Automatic;
				INFOPLIST_FILE = capisceUITests/Info.plist;
				LD_RUNPATH_SEARCH_PATHS = "$(inherited) @executable_path/Frameworks @loader_path/Frameworks";
				PRODUCT_BUNDLE_IDENTIFIER = zxb.capisceUITests;
				PRODUCT_NAME = "$(TARGET_NAME)";
				SWIFT_VERSION = 4.0;
				TARGETED_DEVICE_FAMILY = "1,2";
				TEST_TARGET_NAME = capisce;
			};
			name = Release;
		};
/* End XCBuildConfiguration section */

/* Begin XCConfigurationList section */
		FFE4A3FA1FE2EF1F0098C173 /* Build configuration list for PBXProject "capisce" */ = {
			isa = XCConfigurationList;
			buildConfigurations = (
				FFE4A4251FE2EF200098C173 /* Debug */,
				FFE4A4261FE2EF200098C173 /* Release */,
			);
			defaultConfigurationIsVisible = 0;
			defaultConfigurationName = Release;
		};
		FFE4A4271FE2EF200098C173 /* Build configuration list for PBXNativeTarget "capisce" */ = {
			isa = XCConfigurationList;
			buildConfigurations = (
				FFE4A4281FE2EF200098C173 /* Debug */,
				FFE4A4291FE2EF200098C173 /* Release */,
			);
			defaultConfigurationIsVisible = 0;
			defaultConfigurationName = Release;
		};
		FFE4A42A1FE2EF200098C173 /* Build configuration list for PBXNativeTarget "capisceTests" */ = {
			isa = XCConfigurationList;
			buildConfigurations = (
				FFE4A42B1FE2EF200098C173 /* Debug */,
				FFE4A42C1FE2EF200098C173 /* Release */,
			);
			defaultConfigurationIsVisible = 0;
			defaultConfigurationName = Release;
		};
		FFE4A42D1FE2EF200098C173 /* Build configuration list for PBXNativeTarget "capisceUITests" */ = {
			isa = XCConfigurationList;
			buildConfigurations = (
				FFE4A42E1FE2EF200098C173 /* Debug */,
				FFE4A42F1FE2EF200098C173 /* Release */,
			);
			defaultConfigurationIsVisible = 0;
			defaultConfigurationName = Release;
		};
/* End XCConfigurationList section */
	};
	rootObject = FFE4A3F71FE2EF1F0098C173 /* Project object */;
}
